
Microsoft Visual Studio Solution File, Format Version 12.00
Project("{2150E333-8FDC-42A3-9474-1A3956D46DE8}") = "01 Enterprise Business Rules", "01 Enterprise Business Rules", "{FDA2B870-14D0-4347-83B1-84D5D2325C28}"
EndProject
Project("{2150E333-8FDC-42A3-9474-1A3956D46DE8}") = "02 Application Business Rules", "02 Application Business Rules", "{3162E75A-CB4C-4822-B9C2-95034CDA6EEC}"
EndProject
Project("{2150E333-8FDC-42A3-9474-1A3956D46DE8}") = "03 Interface Adapters", "03 Interface Adapters", "{9C38EA3C-5AEA-4B51-8EF0-48851C0721F3}"
EndProject
Project("{2150E333-8FDC-42A3-9474-1A3956D46DE8}") = "04 Frameworks and Drivers", "04 Frameworks and Drivers", "{D8212F71-4678-4B7F-8EC9-F692C48B5093}"
EndProject
Project("{FAE04EC0-301F-11D3-BF4B-00C04F79EFBC}") = "Commons", "Sources\Commons\Commons.csproj", "{01C0B13B-7712-473C-A236-D116B7812432}"
EndProject
Project("{FAE04EC0-301F-11D3-BF4B-00C04F79EFBC}") = "Commons.Testing", "Tests\Commons.Testing\Commons.Testing.csproj", "{67DC3686-BCB1-4BCD-A252-CF63E209DC30}"
EndProject
Project("{FAE04EC0-301F-11D3-BF4B-00C04F79EFBC}") = "Externals.Antlr", "Sources\Externals\Externals.Antlr\Externals.Antlr.csproj", "{F3DE7D48-498E-47C0-B852-64E1072236F4}"
EndProject
Project("{FAE04EC0-301F-11D3-BF4B-00C04F79EFBC}") = "Gateways.Parser", "Sources\Gateways\Gateways.Parser\Gateways.Parser.csproj", "{9C9D6DA9-B246-4FFF-84CC-6DC8BDAEAC02}"
EndProject
Project("{FAE04EC0-301F-11D3-BF4B-00C04F79EFBC}") = "Domain.Ast", "Sources\Domain\Domain.Ast\Domain.Ast.csproj", "{7EE1EA8B-E266-4487-8984-8BDD5BD1CC58}"
EndProject
Project("{FAE04EC0-301F-11D3-BF4B-00C04F79EFBC}") = "Domain.Path", "Sources\Domain\Domain.Path\Domain.Path.csproj", "{3DC3EDD8-A780-433B-852A-10BA82C4796A}"
EndProject
Project("{FAE04EC0-301F-11D3-BF4B-00C04F79EFBC}") = "Domain.Text", "Sources\Domain\Domain.Text\Domain.Text.csproj", "{AA8BF86B-AA1A-4FC4-9B0F-7564CAA5AD41}"
EndProject
Global
	GlobalSection(SolutionConfigurationPlatforms) = preSolution
		Debug|Any CPU = Debug|Any CPU
		Release|Any CPU = Release|Any CPU
	EndGlobalSection
	GlobalSection(ProjectConfigurationPlatforms) = postSolution
		{01C0B13B-7712-473C-A236-D116B7812432}.Debug|Any CPU.ActiveCfg = Debug|Any CPU
		{01C0B13B-7712-473C-A236-D116B7812432}.Debug|Any CPU.Build.0 = Debug|Any CPU
		{01C0B13B-7712-473C-A236-D116B7812432}.Release|Any CPU.ActiveCfg = Release|Any CPU
		{01C0B13B-7712-473C-A236-D116B7812432}.Release|Any CPU.Build.0 = Release|Any CPU
		{67DC3686-BCB1-4BCD-A252-CF63E209DC30}.Debug|Any CPU.ActiveCfg = Debug|Any CPU
		{67DC3686-BCB1-4BCD-A252-CF63E209DC30}.Debug|Any CPU.Build.0 = Debug|Any CPU
		{67DC3686-BCB1-4BCD-A252-CF63E209DC30}.Release|Any CPU.ActiveCfg = Release|Any CPU
		{67DC3686-BCB1-4BCD-A252-CF63E209DC30}.Release|Any CPU.Build.0 = Release|Any CPU
		{F3DE7D48-498E-47C0-B852-64E1072236F4}.Debug|Any CPU.ActiveCfg = Debug|Any CPU
		{F3DE7D48-498E-47C0-B852-64E1072236F4}.Debug|Any CPU.Build.0 = Debug|Any CPU
		{F3DE7D48-498E-47C0-B852-64E1072236F4}.Release|Any CPU.ActiveCfg = Release|Any CPU
		{F3DE7D48-498E-47C0-B852-64E1072236F4}.Release|Any CPU.Build.0 = Release|Any CPU
		{9C9D6DA9-B246-4FFF-84CC-6DC8BDAEAC02}.Debug|Any CPU.ActiveCfg = Debug|Any CPU
		{9C9D6DA9-B246-4FFF-84CC-6DC8BDAEAC02}.Debug|Any CPU.Build.0 = Debug|Any CPU
		{9C9D6DA9-B246-4FFF-84CC-6DC8BDAEAC02}.Release|Any CPU.ActiveCfg = Release|Any CPU
		{9C9D6DA9-B246-4FFF-84CC-6DC8BDAEAC02}.Release|Any CPU.Build.0 = Release|Any CPU
		{7EE1EA8B-E266-4487-8984-8BDD5BD1CC58}.Debug|Any CPU.ActiveCfg = Debug|Any CPU
		{7EE1EA8B-E266-4487-8984-8BDD5BD1CC58}.Debug|Any CPU.Build.0 = Debug|Any CPU
		{7EE1EA8B-E266-4487-8984-8BDD5BD1CC58}.Release|Any CPU.ActiveCfg = Release|Any CPU
		{7EE1EA8B-E266-4487-8984-8BDD5BD1CC58}.Release|Any CPU.Build.0 = Release|Any CPU
		{3DC3EDD8-A780-433B-852A-10BA82C4796A}.Debug|Any CPU.ActiveCfg = Debug|Any CPU
		{3DC3EDD8-A780-433B-852A-10BA82C4796A}.Debug|Any CPU.Build.0 = Debug|Any CPU
		{3DC3EDD8-A780-433B-852A-10BA82C4796A}.Release|Any CPU.ActiveCfg = Release|Any CPU
		{3DC3EDD8-A780-433B-852A-10BA82C4796A}.Release|Any CPU.Build.0 = Release|Any CPU
		{AA8BF86B-AA1A-4FC4-9B0F-7564CAA5AD41}.Debug|Any CPU.ActiveCfg = Debug|Any CPU
		{AA8BF86B-AA1A-4FC4-9B0F-7564CAA5AD41}.Debug|Any CPU.Build.0 = Debug|Any CPU
		{AA8BF86B-AA1A-4FC4-9B0F-7564CAA5AD41}.Release|Any CPU.ActiveCfg = Release|Any CPU
		{AA8BF86B-AA1A-4FC4-9B0F-7564CAA5AD41}.Release|Any CPU.Build.0 = Release|Any CPU
	EndGlobalSection
	GlobalSection(NestedProjects) = preSolution
		{F3DE7D48-498E-47C0-B852-64E1072236F4} = {D8212F71-4678-4B7F-8EC9-F692C48B5093}
		{9C9D6DA9-B246-4FFF-84CC-6DC8BDAEAC02} = {9C38EA3C-5AEA-4B51-8EF0-48851C0721F3}
		{7EE1EA8B-E266-4487-8984-8BDD5BD1CC58} = {FDA2B870-14D0-4347-83B1-84D5D2325C28}
		{3DC3EDD8-A780-433B-852A-10BA82C4796A} = {FDA2B870-14D0-4347-83B1-84D5D2325C28}
		{AA8BF86B-AA1A-4FC4-9B0F-7564CAA5AD41} = {FDA2B870-14D0-4347-83B1-84D5D2325C28}
	EndGlobalSection
EndGlobal
