
Microsoft Visual Studio Solution File, Format Version 12.00
Project("{2150E333-8FDC-42A3-9474-1A3956D46DE8}") = "01 Enterprise Business Rules", "01 Enterprise Business Rules", "{FDA2B870-14D0-4347-83B1-84D5D2325C28}"
EndProject
Project("{2150E333-8FDC-42A3-9474-1A3956D46DE8}") = "02 Application Business Rules", "02 Application Business Rules", "{3162E75A-CB4C-4822-B9C2-95034CDA6EEC}"
EndProject
Project("{2150E333-8FDC-42A3-9474-1A3956D46DE8}") = "03 Interface Adapters", "03 Interface Adapters", "{9C38EA3C-5AEA-4B51-8EF0-48851C0721F3}"
EndProject
Project("{2150E333-8FDC-42A3-9474-1A3956D46DE8}") = "04 Frameworks and Drivers", "04 Frameworks and Drivers", "{D8212F71-4678-4B7F-8EC9-F692C48B5093}"
EndProject
Project("{FAE04EC0-301F-11D3-BF4B-00C04F79EFBC}") = "Domain", "Sources\Domain\Domain.csproj", "{0F0869F9-B37F-4C03-ADF3-4D1ADAE26E01}"
EndProject
Project("{FAE04EC0-301F-11D3-BF4B-00C04F79EFBC}") = "UseCases", "Sources\UseCases\UseCases.csproj", "{AE7048DF-3714-44AD-8C0B-A7C01A226BC0}"
EndProject
Project("{FAE04EC0-301F-11D3-BF4B-00C04F79EFBC}") = "Interactors", "Sources\Interactors\Interactors.csproj", "{B5F52396-C4D1-427F-B21D-B0E565C17B3C}"
EndProject
Project("{FAE04EC0-301F-11D3-BF4B-00C04F79EFBC}") = "Gateways", "Sources\Gateways\Gateways.csproj", "{590F161B-BE25-47FD-8482-9D6B895DDC4F}"
EndProject
Project("{FAE04EC0-301F-11D3-BF4B-00C04F79EFBC}") = "Presenters", "Sources\Presenters\Presenters.csproj", "{9C89F267-E544-4EA4-B5CF-56AC37342B40}"
EndProject
Project("{FAE04EC0-301F-11D3-BF4B-00C04F79EFBC}") = "Externals", "Sources\Externals\Externals.csproj", "{52D49A11-A894-4F13-8859-9A1FB46D91A5}"
EndProject
Project("{FAE04EC0-301F-11D3-BF4B-00C04F79EFBC}") = "Domain.Testing", "Tests\Domain.Testing\Domain.Testing.csproj", "{E82C9509-C991-434D-8B10-A58F970F0BE6}"
EndProject
Project("{FAE04EC0-301F-11D3-BF4B-00C04F79EFBC}") = "Interactors.Testing", "Tests\Interactors.Testing\Interactors.Testing.csproj", "{F8EF492C-AC9D-4345-B06E-E2CCCAAAFF89}"
EndProject
Project("{FAE04EC0-301F-11D3-BF4B-00C04F79EFBC}") = "Presenters.Testing", "Tests\Presenters.Testing\Presenters.Testing.csproj", "{9893DE56-E99D-4388-8474-8DDAE79CF1A4}"
EndProject
Project("{FAE04EC0-301F-11D3-BF4B-00C04F79EFBC}") = "UseCases.Testing", "Tests\UseCases.Testing\UseCases.Testing.csproj", "{7BB7B910-6033-494C-AB65-92B052EC71CB}"
EndProject
Project("{FAE04EC0-301F-11D3-BF4B-00C04F79EFBC}") = "Gateways.Testing", "Tests\Gateways.Testing\Gateways.Testing.csproj", "{092DB68E-356A-4836-9B7A-895C44F5D771}"
EndProject
Project("{FAE04EC0-301F-11D3-BF4B-00C04F79EFBC}") = "Externals.Testing", "Tests\Externals.Testing\Externals.Testing.csproj", "{F531EF2E-888B-4248-8E10-784E188D3290}"
EndProject
Project("{FAE04EC0-301F-11D3-BF4B-00C04F79EFBC}") = "Commons", "Sources\Commons\Commons.csproj", "{01C0B13B-7712-473C-A236-D116B7812432}"
EndProject
Project("{FAE04EC0-301F-11D3-BF4B-00C04F79EFBC}") = "Commons.Testing", "Tests\Commons.Testing\Commons.Testing.csproj", "{67DC3686-BCB1-4BCD-A252-CF63E209DC30}"
EndProject
Global
	GlobalSection(SolutionConfigurationPlatforms) = preSolution
		Debug|Any CPU = Debug|Any CPU
		Release|Any CPU = Release|Any CPU
	EndGlobalSection
	GlobalSection(ProjectConfigurationPlatforms) = postSolution
		{0F0869F9-B37F-4C03-ADF3-4D1ADAE26E01}.Debug|Any CPU.ActiveCfg = Debug|Any CPU
		{0F0869F9-B37F-4C03-ADF3-4D1ADAE26E01}.Debug|Any CPU.Build.0 = Debug|Any CPU
		{0F0869F9-B37F-4C03-ADF3-4D1ADAE26E01}.Release|Any CPU.ActiveCfg = Release|Any CPU
		{0F0869F9-B37F-4C03-ADF3-4D1ADAE26E01}.Release|Any CPU.Build.0 = Release|Any CPU
		{AE7048DF-3714-44AD-8C0B-A7C01A226BC0}.Debug|Any CPU.ActiveCfg = Debug|Any CPU
		{AE7048DF-3714-44AD-8C0B-A7C01A226BC0}.Debug|Any CPU.Build.0 = Debug|Any CPU
		{AE7048DF-3714-44AD-8C0B-A7C01A226BC0}.Release|Any CPU.ActiveCfg = Release|Any CPU
		{AE7048DF-3714-44AD-8C0B-A7C01A226BC0}.Release|Any CPU.Build.0 = Release|Any CPU
		{B5F52396-C4D1-427F-B21D-B0E565C17B3C}.Debug|Any CPU.ActiveCfg = Debug|Any CPU
		{B5F52396-C4D1-427F-B21D-B0E565C17B3C}.Debug|Any CPU.Build.0 = Debug|Any CPU
		{B5F52396-C4D1-427F-B21D-B0E565C17B3C}.Release|Any CPU.ActiveCfg = Release|Any CPU
		{B5F52396-C4D1-427F-B21D-B0E565C17B3C}.Release|Any CPU.Build.0 = Release|Any CPU
		{590F161B-BE25-47FD-8482-9D6B895DDC4F}.Debug|Any CPU.ActiveCfg = Debug|Any CPU
		{590F161B-BE25-47FD-8482-9D6B895DDC4F}.Debug|Any CPU.Build.0 = Debug|Any CPU
		{590F161B-BE25-47FD-8482-9D6B895DDC4F}.Release|Any CPU.ActiveCfg = Release|Any CPU
		{590F161B-BE25-47FD-8482-9D6B895DDC4F}.Release|Any CPU.Build.0 = Release|Any CPU
		{9C89F267-E544-4EA4-B5CF-56AC37342B40}.Debug|Any CPU.ActiveCfg = Debug|Any CPU
		{9C89F267-E544-4EA4-B5CF-56AC37342B40}.Debug|Any CPU.Build.0 = Debug|Any CPU
		{9C89F267-E544-4EA4-B5CF-56AC37342B40}.Release|Any CPU.ActiveCfg = Release|Any CPU
		{9C89F267-E544-4EA4-B5CF-56AC37342B40}.Release|Any CPU.Build.0 = Release|Any CPU
		{52D49A11-A894-4F13-8859-9A1FB46D91A5}.Debug|Any CPU.ActiveCfg = Debug|Any CPU
		{52D49A11-A894-4F13-8859-9A1FB46D91A5}.Debug|Any CPU.Build.0 = Debug|Any CPU
		{52D49A11-A894-4F13-8859-9A1FB46D91A5}.Release|Any CPU.ActiveCfg = Release|Any CPU
		{52D49A11-A894-4F13-8859-9A1FB46D91A5}.Release|Any CPU.Build.0 = Release|Any CPU
		{E82C9509-C991-434D-8B10-A58F970F0BE6}.Debug|Any CPU.ActiveCfg = Debug|Any CPU
		{E82C9509-C991-434D-8B10-A58F970F0BE6}.Debug|Any CPU.Build.0 = Debug|Any CPU
		{E82C9509-C991-434D-8B10-A58F970F0BE6}.Release|Any CPU.ActiveCfg = Release|Any CPU
		{E82C9509-C991-434D-8B10-A58F970F0BE6}.Release|Any CPU.Build.0 = Release|Any CPU
		{F8EF492C-AC9D-4345-B06E-E2CCCAAAFF89}.Debug|Any CPU.ActiveCfg = Debug|Any CPU
		{F8EF492C-AC9D-4345-B06E-E2CCCAAAFF89}.Debug|Any CPU.Build.0 = Debug|Any CPU
		{F8EF492C-AC9D-4345-B06E-E2CCCAAAFF89}.Release|Any CPU.ActiveCfg = Release|Any CPU
		{F8EF492C-AC9D-4345-B06E-E2CCCAAAFF89}.Release|Any CPU.Build.0 = Release|Any CPU
		{9893DE56-E99D-4388-8474-8DDAE79CF1A4}.Debug|Any CPU.ActiveCfg = Debug|Any CPU
		{9893DE56-E99D-4388-8474-8DDAE79CF1A4}.Debug|Any CPU.Build.0 = Debug|Any CPU
		{9893DE56-E99D-4388-8474-8DDAE79CF1A4}.Release|Any CPU.ActiveCfg = Release|Any CPU
		{9893DE56-E99D-4388-8474-8DDAE79CF1A4}.Release|Any CPU.Build.0 = Release|Any CPU
		{7BB7B910-6033-494C-AB65-92B052EC71CB}.Debug|Any CPU.ActiveCfg = Debug|Any CPU
		{7BB7B910-6033-494C-AB65-92B052EC71CB}.Debug|Any CPU.Build.0 = Debug|Any CPU
		{7BB7B910-6033-494C-AB65-92B052EC71CB}.Release|Any CPU.ActiveCfg = Release|Any CPU
		{7BB7B910-6033-494C-AB65-92B052EC71CB}.Release|Any CPU.Build.0 = Release|Any CPU
		{092DB68E-356A-4836-9B7A-895C44F5D771}.Debug|Any CPU.ActiveCfg = Debug|Any CPU
		{092DB68E-356A-4836-9B7A-895C44F5D771}.Debug|Any CPU.Build.0 = Debug|Any CPU
		{092DB68E-356A-4836-9B7A-895C44F5D771}.Release|Any CPU.ActiveCfg = Release|Any CPU
		{092DB68E-356A-4836-9B7A-895C44F5D771}.Release|Any CPU.Build.0 = Release|Any CPU
		{F531EF2E-888B-4248-8E10-784E188D3290}.Debug|Any CPU.ActiveCfg = Debug|Any CPU
		{F531EF2E-888B-4248-8E10-784E188D3290}.Debug|Any CPU.Build.0 = Debug|Any CPU
		{F531EF2E-888B-4248-8E10-784E188D3290}.Release|Any CPU.ActiveCfg = Release|Any CPU
		{F531EF2E-888B-4248-8E10-784E188D3290}.Release|Any CPU.Build.0 = Release|Any CPU
		{01C0B13B-7712-473C-A236-D116B7812432}.Debug|Any CPU.ActiveCfg = Debug|Any CPU
		{01C0B13B-7712-473C-A236-D116B7812432}.Debug|Any CPU.Build.0 = Debug|Any CPU
		{01C0B13B-7712-473C-A236-D116B7812432}.Release|Any CPU.ActiveCfg = Release|Any CPU
		{01C0B13B-7712-473C-A236-D116B7812432}.Release|Any CPU.Build.0 = Release|Any CPU
		{67DC3686-BCB1-4BCD-A252-CF63E209DC30}.Debug|Any CPU.ActiveCfg = Debug|Any CPU
		{67DC3686-BCB1-4BCD-A252-CF63E209DC30}.Debug|Any CPU.Build.0 = Debug|Any CPU
		{67DC3686-BCB1-4BCD-A252-CF63E209DC30}.Release|Any CPU.ActiveCfg = Release|Any CPU
		{67DC3686-BCB1-4BCD-A252-CF63E209DC30}.Release|Any CPU.Build.0 = Release|Any CPU
	EndGlobalSection
	GlobalSection(NestedProjects) = preSolution
		{0F0869F9-B37F-4C03-ADF3-4D1ADAE26E01} = {FDA2B870-14D0-4347-83B1-84D5D2325C28}
		{B5F52396-C4D1-427F-B21D-B0E565C17B3C} = {3162E75A-CB4C-4822-B9C2-95034CDA6EEC}
		{590F161B-BE25-47FD-8482-9D6B895DDC4F} = {9C38EA3C-5AEA-4B51-8EF0-48851C0721F3}
		{52D49A11-A894-4F13-8859-9A1FB46D91A5} = {D8212F71-4678-4B7F-8EC9-F692C48B5093}
		{AE7048DF-3714-44AD-8C0B-A7C01A226BC0} = {3162E75A-CB4C-4822-B9C2-95034CDA6EEC}
		{9C89F267-E544-4EA4-B5CF-56AC37342B40} = {3162E75A-CB4C-4822-B9C2-95034CDA6EEC}
		{E82C9509-C991-434D-8B10-A58F970F0BE6} = {FDA2B870-14D0-4347-83B1-84D5D2325C28}
		{F8EF492C-AC9D-4345-B06E-E2CCCAAAFF89} = {3162E75A-CB4C-4822-B9C2-95034CDA6EEC}
		{9893DE56-E99D-4388-8474-8DDAE79CF1A4} = {3162E75A-CB4C-4822-B9C2-95034CDA6EEC}
		{7BB7B910-6033-494C-AB65-92B052EC71CB} = {3162E75A-CB4C-4822-B9C2-95034CDA6EEC}
		{092DB68E-356A-4836-9B7A-895C44F5D771} = {9C38EA3C-5AEA-4B51-8EF0-48851C0721F3}
		{F531EF2E-888B-4248-8E10-784E188D3290} = {D8212F71-4678-4B7F-8EC9-F692C48B5093}
	EndGlobalSection
EndGlobal
