
Microsoft Visual Studio Solution File, Format Version 12.00
Project("{2150E333-8FDC-42A3-9474-1A3956D46DE8}") = "Features", "Features", "{249A6BEA-D69A-4F19-96F2-C55C0058F99B}"
EndProject
Project("{2150E333-8FDC-42A3-9474-1A3956D46DE8}") = "Compilation", "Compilation", "{73586D91-B9CA-4555-8540-410A74C8E60A}"
EndProject
Project("{FAE04EC0-301F-11D3-BF4B-00C04F79EFBC}") = "Domain", "Features\Compilation\Domain\Domain.csproj", "{154B766A-C10F-495D-AE2B-B3279AF6B928}"
EndProject
Project("{FAE04EC0-301F-11D3-BF4B-00C04F79EFBC}") = "Shared", "Shared\Shared.csproj", "{F4F3E7B5-7F39-4514-A780-E715517FEFD3}"
EndProject
Project("{FAE04EC0-301F-11D3-BF4B-00C04F79EFBC}") = "UseCase", "Features\Compilation\UseCase\UseCase.csproj", "{5BA11763-0041-40BA-9B38-2AB4602D9C00}"
EndProject
Project("{FAE04EC0-301F-11D3-BF4B-00C04F79EFBC}") = "Gateways", "Features\Compilation\Gateways\Gateways.csproj", "{3C204BAA-EFAF-4855-A72D-6E675D368055}"
EndProject
Project("{FAE04EC0-301F-11D3-BF4B-00C04F79EFBC}") = "Resources", "Features\Compilation\Resources\Resources.csproj", "{73C2909E-A145-45E4-A2DD-39F90D79F17B}"
EndProject
Project("{2150E333-8FDC-42A3-9474-1A3956D46DE8}") = "Infrastructures", "Infrastructures", "{9D200B63-E620-4612-93B0-A85FB4EB9D5C}"
EndProject
Project("{FAE04EC0-301F-11D3-BF4B-00C04F79EFBC}") = "Compilation.Cli", "Features\Compilation\Applications\Compilation.Cli\Compilation.Cli.csproj", "{D43C4A46-79B5-41D2-B34A-DB8E9B14E17B}"
EndProject
Project("{2150E333-8FDC-42A3-9474-1A3956D46DE8}") = "Applications", "Applications", "{3F78DFA1-BE47-46B6-90DC-4FC45F5DEF67}"
EndProject
Project("{FAE04EC0-301F-11D3-BF4B-00C04F79EFBC}") = "Parser.Antlr", "Features\Compilation\Infrastructures\Parser.Antlr\Parser.Antlr.csproj", "{22E4E402-5274-4351-BA93-C2E2FDE9C6D1}"
EndProject
Project("{2150E333-8FDC-42A3-9474-1A3956D46DE8}") = "Symbol Management", "Symbol Management", "{4D7053A5-C958-4AC7-B77F-9729C5C610C0}"
EndProject
Project("{FAE04EC0-301F-11D3-BF4B-00C04F79EFBC}") = "UseCase", "Features\SymbolManagement\UseCase\UseCase.csproj", "{A1199CA3-9079-4BE9-B400-8DE9370BEBC7}"
EndProject
Project("{FAE04EC0-301F-11D3-BF4B-00C04F79EFBC}") = "Gateways", "Features\SymbolManagement\Gateways\Gateways.csproj", "{A352070E-8E4B-49E9-9665-383F2724183C}"
EndProject
Project("{2150E333-8FDC-42A3-9474-1A3956D46DE8}") = "Infrastructures", "Infrastructures", "{E4600810-747E-4B41-8D6C-3CD424F4CEC8}"
EndProject
Project("{FAE04EC0-301F-11D3-BF4B-00C04F79EFBC}") = "Symbol.IO.Tsv", "Features\SymbolManagement\Infrastructures\Symbol.IO.Tsv\Symbol.IO.Tsv.csproj", "{BD60E9D8-44B7-48E9-92B7-A3674F6C601C}"
EndProject
Project("{FAE04EC0-301F-11D3-BF4B-00C04F79EFBC}") = "Symbol.IO.Tsv.Tests", "Features\SymbolManagement\Infrastructures\Symbol.IO.Tsv.Tests\Symbol.IO.Tsv.Tests.csproj", "{CCCAE12E-E70A-4DF7-809D-5E7E9813914C}"
EndProject
Project("{2150E333-8FDC-42A3-9474-1A3956D46DE8}") = "Shared", "Shared", "{5FFC4E1C-7553-4C11-A22C-8A3CDFA6643E}"
EndProject
Project("{FAE04EC0-301F-11D3-BF4B-00C04F79EFBC}") = "Shared.IO", "Shared.IO\Shared.IO.csproj", "{B27D61D3-58DA-4055-97DA-F2612B5429BC}"
EndProject
Project("{FAE04EC0-301F-11D3-BF4B-00C04F79EFBC}") = "Symbol.Commons.Tests", "Features\SymbolManagement\Infrastructures\Symbol.Commons.Tests\Symbol.Commons.Tests.csproj", "{A3F8AAAB-12E4-4B2F-8FD2-D7145C096AE3}"
EndProject
Project("{FAE04EC0-301F-11D3-BF4B-00C04F79EFBC}") = "Symbol.IO.Yaml", "Features\SymbolManagement\Infrastructures\Symbol.IO.Yaml\Symbol.IO.Yaml.csproj", "{DFB3E0B9-CC56-40A9-B7B2-7E7D6729BBE6}"
EndProject
Project("{FAE04EC0-301F-11D3-BF4B-00C04F79EFBC}") = "Symbol.IO.Yaml.Tests", "Features\SymbolManagement\Infrastructures\Symbol.IO.Yaml.Tests\Symbol.IO.Yaml.Tests.csproj", "{453F46A1-8D5A-4DA4-8154-C5BAEDA59936}"
EndProject
Project("{2150E333-8FDC-42A3-9474-1A3956D46DE8}") = "Symbol.IO", "Symbol.IO", "{1F8D3489-CF2D-47BF-BFF0-71695609CAC6}"
EndProject
Project("{2150E333-8FDC-42A3-9474-1A3956D46DE8}") = "Symbol Reposotories", "Symbol Reposotories", "{D74D681E-0AD5-4D8D-8F1F-5CBE78AAFFED}"
EndProject
Project("{FAE04EC0-301F-11D3-BF4B-00C04F79EFBC}") = "SymbolRepository.Yaml", "Features\SymbolManagement\Infrastructures\SymbolRepository.Yaml\SymbolRepository.Yaml.csproj", "{E28D70E3-EC93-4040-83BE-393BA4E2595A}"
EndProject
Project("{FAE04EC0-301F-11D3-BF4B-00C04F79EFBC}") = "SymbolRepository.Yaml.Tests", "Features\SymbolManagement\Infrastructures\SymbolRepository.Yaml.Tests\SymbolRepository.Yaml.Tests.csproj", "{AC50CC4C-46FA-4C8C-87A0-7FEE7A08C907}"
EndProject
Project("{FAE04EC0-301F-11D3-BF4B-00C04F79EFBC}") = "SymbolRepository.Yaml", "Features\Compilation\Infrastructures\SymbolRepository.Yaml\SymbolRepository.Yaml.csproj", "{414D9D90-13AA-41CB-AAA9-1E86697C21AE}"
EndProject
Project("{FAE04EC0-301F-11D3-BF4B-00C04F79EFBC}") = "UseCase.Tests", "Features\Compilation\UseCase.Tests\UseCase.Tests.csproj", "{57187669-5967-4126-BCD7-5AC44A650128}"
EndProject
Global
	GlobalSection(SolutionConfigurationPlatforms) = preSolution
		Debug|Any CPU = Debug|Any CPU
		Release|Any CPU = Release|Any CPU
	EndGlobalSection
	GlobalSection(ProjectConfigurationPlatforms) = postSolution
		{154B766A-C10F-495D-AE2B-B3279AF6B928}.Debug|Any CPU.ActiveCfg = Debug|Any CPU
		{154B766A-C10F-495D-AE2B-B3279AF6B928}.Debug|Any CPU.Build.0 = Debug|Any CPU
		{154B766A-C10F-495D-AE2B-B3279AF6B928}.Release|Any CPU.ActiveCfg = Release|Any CPU
		{154B766A-C10F-495D-AE2B-B3279AF6B928}.Release|Any CPU.Build.0 = Release|Any CPU
		{F4F3E7B5-7F39-4514-A780-E715517FEFD3}.Debug|Any CPU.ActiveCfg = Debug|Any CPU
		{F4F3E7B5-7F39-4514-A780-E715517FEFD3}.Debug|Any CPU.Build.0 = Debug|Any CPU
		{F4F3E7B5-7F39-4514-A780-E715517FEFD3}.Release|Any CPU.ActiveCfg = Release|Any CPU
		{F4F3E7B5-7F39-4514-A780-E715517FEFD3}.Release|Any CPU.Build.0 = Release|Any CPU
		{5BA11763-0041-40BA-9B38-2AB4602D9C00}.Debug|Any CPU.ActiveCfg = Debug|Any CPU
		{5BA11763-0041-40BA-9B38-2AB4602D9C00}.Debug|Any CPU.Build.0 = Debug|Any CPU
		{5BA11763-0041-40BA-9B38-2AB4602D9C00}.Release|Any CPU.ActiveCfg = Release|Any CPU
		{5BA11763-0041-40BA-9B38-2AB4602D9C00}.Release|Any CPU.Build.0 = Release|Any CPU
		{3C204BAA-EFAF-4855-A72D-6E675D368055}.Debug|Any CPU.ActiveCfg = Debug|Any CPU
		{3C204BAA-EFAF-4855-A72D-6E675D368055}.Debug|Any CPU.Build.0 = Debug|Any CPU
		{3C204BAA-EFAF-4855-A72D-6E675D368055}.Release|Any CPU.ActiveCfg = Release|Any CPU
		{3C204BAA-EFAF-4855-A72D-6E675D368055}.Release|Any CPU.Build.0 = Release|Any CPU
		{73C2909E-A145-45E4-A2DD-39F90D79F17B}.Debug|Any CPU.ActiveCfg = Debug|Any CPU
		{73C2909E-A145-45E4-A2DD-39F90D79F17B}.Debug|Any CPU.Build.0 = Debug|Any CPU
		{73C2909E-A145-45E4-A2DD-39F90D79F17B}.Release|Any CPU.ActiveCfg = Release|Any CPU
		{73C2909E-A145-45E4-A2DD-39F90D79F17B}.Release|Any CPU.Build.0 = Release|Any CPU
		{D43C4A46-79B5-41D2-B34A-DB8E9B14E17B}.Debug|Any CPU.ActiveCfg = Debug|Any CPU
		{D43C4A46-79B5-41D2-B34A-DB8E9B14E17B}.Debug|Any CPU.Build.0 = Debug|Any CPU
		{D43C4A46-79B5-41D2-B34A-DB8E9B14E17B}.Release|Any CPU.ActiveCfg = Release|Any CPU
		{D43C4A46-79B5-41D2-B34A-DB8E9B14E17B}.Release|Any CPU.Build.0 = Release|Any CPU
		{22E4E402-5274-4351-BA93-C2E2FDE9C6D1}.Debug|Any CPU.ActiveCfg = Debug|Any CPU
		{22E4E402-5274-4351-BA93-C2E2FDE9C6D1}.Debug|Any CPU.Build.0 = Debug|Any CPU
		{22E4E402-5274-4351-BA93-C2E2FDE9C6D1}.Release|Any CPU.ActiveCfg = Release|Any CPU
		{22E4E402-5274-4351-BA93-C2E2FDE9C6D1}.Release|Any CPU.Build.0 = Release|Any CPU
		{A1199CA3-9079-4BE9-B400-8DE9370BEBC7}.Debug|Any CPU.ActiveCfg = Debug|Any CPU
		{A1199CA3-9079-4BE9-B400-8DE9370BEBC7}.Debug|Any CPU.Build.0 = Debug|Any CPU
		{A1199CA3-9079-4BE9-B400-8DE9370BEBC7}.Release|Any CPU.ActiveCfg = Release|Any CPU
		{A1199CA3-9079-4BE9-B400-8DE9370BEBC7}.Release|Any CPU.Build.0 = Release|Any CPU
		{A352070E-8E4B-49E9-9665-383F2724183C}.Debug|Any CPU.ActiveCfg = Debug|Any CPU
		{A352070E-8E4B-49E9-9665-383F2724183C}.Debug|Any CPU.Build.0 = Debug|Any CPU
		{A352070E-8E4B-49E9-9665-383F2724183C}.Release|Any CPU.ActiveCfg = Release|Any CPU
		{A352070E-8E4B-49E9-9665-383F2724183C}.Release|Any CPU.Build.0 = Release|Any CPU
		{BD60E9D8-44B7-48E9-92B7-A3674F6C601C}.Debug|Any CPU.ActiveCfg = Debug|Any CPU
		{BD60E9D8-44B7-48E9-92B7-A3674F6C601C}.Debug|Any CPU.Build.0 = Debug|Any CPU
		{BD60E9D8-44B7-48E9-92B7-A3674F6C601C}.Release|Any CPU.ActiveCfg = Release|Any CPU
		{BD60E9D8-44B7-48E9-92B7-A3674F6C601C}.Release|Any CPU.Build.0 = Release|Any CPU
		{CCCAE12E-E70A-4DF7-809D-5E7E9813914C}.Debug|Any CPU.ActiveCfg = Debug|Any CPU
		{CCCAE12E-E70A-4DF7-809D-5E7E9813914C}.Debug|Any CPU.Build.0 = Debug|Any CPU
		{CCCAE12E-E70A-4DF7-809D-5E7E9813914C}.Release|Any CPU.ActiveCfg = Release|Any CPU
		{CCCAE12E-E70A-4DF7-809D-5E7E9813914C}.Release|Any CPU.Build.0 = Release|Any CPU
		{B27D61D3-58DA-4055-97DA-F2612B5429BC}.Debug|Any CPU.ActiveCfg = Debug|Any CPU
		{B27D61D3-58DA-4055-97DA-F2612B5429BC}.Debug|Any CPU.Build.0 = Debug|Any CPU
		{B27D61D3-58DA-4055-97DA-F2612B5429BC}.Release|Any CPU.ActiveCfg = Release|Any CPU
		{B27D61D3-58DA-4055-97DA-F2612B5429BC}.Release|Any CPU.Build.0 = Release|Any CPU
		{A3F8AAAB-12E4-4B2F-8FD2-D7145C096AE3}.Debug|Any CPU.ActiveCfg = Debug|Any CPU
		{A3F8AAAB-12E4-4B2F-8FD2-D7145C096AE3}.Debug|Any CPU.Build.0 = Debug|Any CPU
		{A3F8AAAB-12E4-4B2F-8FD2-D7145C096AE3}.Release|Any CPU.ActiveCfg = Release|Any CPU
		{A3F8AAAB-12E4-4B2F-8FD2-D7145C096AE3}.Release|Any CPU.Build.0 = Release|Any CPU
		{DFB3E0B9-CC56-40A9-B7B2-7E7D6729BBE6}.Debug|Any CPU.ActiveCfg = Debug|Any CPU
		{DFB3E0B9-CC56-40A9-B7B2-7E7D6729BBE6}.Debug|Any CPU.Build.0 = Debug|Any CPU
		{DFB3E0B9-CC56-40A9-B7B2-7E7D6729BBE6}.Release|Any CPU.ActiveCfg = Release|Any CPU
		{DFB3E0B9-CC56-40A9-B7B2-7E7D6729BBE6}.Release|Any CPU.Build.0 = Release|Any CPU
		{453F46A1-8D5A-4DA4-8154-C5BAEDA59936}.Debug|Any CPU.ActiveCfg = Debug|Any CPU
		{453F46A1-8D5A-4DA4-8154-C5BAEDA59936}.Debug|Any CPU.Build.0 = Debug|Any CPU
		{453F46A1-8D5A-4DA4-8154-C5BAEDA59936}.Release|Any CPU.ActiveCfg = Release|Any CPU
		{453F46A1-8D5A-4DA4-8154-C5BAEDA59936}.Release|Any CPU.Build.0 = Release|Any CPU
		{E28D70E3-EC93-4040-83BE-393BA4E2595A}.Debug|Any CPU.ActiveCfg = Debug|Any CPU
		{E28D70E3-EC93-4040-83BE-393BA4E2595A}.Debug|Any CPU.Build.0 = Debug|Any CPU
		{E28D70E3-EC93-4040-83BE-393BA4E2595A}.Release|Any CPU.ActiveCfg = Release|Any CPU
		{E28D70E3-EC93-4040-83BE-393BA4E2595A}.Release|Any CPU.Build.0 = Release|Any CPU
		{AC50CC4C-46FA-4C8C-87A0-7FEE7A08C907}.Debug|Any CPU.ActiveCfg = Debug|Any CPU
		{AC50CC4C-46FA-4C8C-87A0-7FEE7A08C907}.Debug|Any CPU.Build.0 = Debug|Any CPU
		{AC50CC4C-46FA-4C8C-87A0-7FEE7A08C907}.Release|Any CPU.ActiveCfg = Release|Any CPU
		{AC50CC4C-46FA-4C8C-87A0-7FEE7A08C907}.Release|Any CPU.Build.0 = Release|Any CPU
		{414D9D90-13AA-41CB-AAA9-1E86697C21AE}.Debug|Any CPU.ActiveCfg = Debug|Any CPU
		{414D9D90-13AA-41CB-AAA9-1E86697C21AE}.Debug|Any CPU.Build.0 = Debug|Any CPU
		{414D9D90-13AA-41CB-AAA9-1E86697C21AE}.Release|Any CPU.ActiveCfg = Release|Any CPU
		{414D9D90-13AA-41CB-AAA9-1E86697C21AE}.Release|Any CPU.Build.0 = Release|Any CPU
		{57187669-5967-4126-BCD7-5AC44A650128}.Debug|Any CPU.ActiveCfg = Debug|Any CPU
		{57187669-5967-4126-BCD7-5AC44A650128}.Debug|Any CPU.Build.0 = Debug|Any CPU
		{57187669-5967-4126-BCD7-5AC44A650128}.Release|Any CPU.ActiveCfg = Release|Any CPU
		{57187669-5967-4126-BCD7-5AC44A650128}.Release|Any CPU.Build.0 = Release|Any CPU
	EndGlobalSection
	GlobalSection(NestedProjects) = preSolution
		{73586D91-B9CA-4555-8540-410A74C8E60A} = {249A6BEA-D69A-4F19-96F2-C55C0058F99B}
		{154B766A-C10F-495D-AE2B-B3279AF6B928} = {73586D91-B9CA-4555-8540-410A74C8E60A}
		{5BA11763-0041-40BA-9B38-2AB4602D9C00} = {73586D91-B9CA-4555-8540-410A74C8E60A}
		{3C204BAA-EFAF-4855-A72D-6E675D368055} = {73586D91-B9CA-4555-8540-410A74C8E60A}
		{73C2909E-A145-45E4-A2DD-39F90D79F17B} = {73586D91-B9CA-4555-8540-410A74C8E60A}
		{9D200B63-E620-4612-93B0-A85FB4EB9D5C} = {73586D91-B9CA-4555-8540-410A74C8E60A}
		{3F78DFA1-BE47-46B6-90DC-4FC45F5DEF67} = {73586D91-B9CA-4555-8540-410A74C8E60A}
		{D43C4A46-79B5-41D2-B34A-DB8E9B14E17B} = {3F78DFA1-BE47-46B6-90DC-4FC45F5DEF67}
		{22E4E402-5274-4351-BA93-C2E2FDE9C6D1} = {9D200B63-E620-4612-93B0-A85FB4EB9D5C}
		{4D7053A5-C958-4AC7-B77F-9729C5C610C0} = {249A6BEA-D69A-4F19-96F2-C55C0058F99B}
		{A1199CA3-9079-4BE9-B400-8DE9370BEBC7} = {4D7053A5-C958-4AC7-B77F-9729C5C610C0}
		{A352070E-8E4B-49E9-9665-383F2724183C} = {4D7053A5-C958-4AC7-B77F-9729C5C610C0}
		{E4600810-747E-4B41-8D6C-3CD424F4CEC8} = {4D7053A5-C958-4AC7-B77F-9729C5C610C0}
		{F4F3E7B5-7F39-4514-A780-E715517FEFD3} = {5FFC4E1C-7553-4C11-A22C-8A3CDFA6643E}
		{B27D61D3-58DA-4055-97DA-F2612B5429BC} = {5FFC4E1C-7553-4C11-A22C-8A3CDFA6643E}
		{A3F8AAAB-12E4-4B2F-8FD2-D7145C096AE3} = {E4600810-747E-4B41-8D6C-3CD424F4CEC8}
		{1F8D3489-CF2D-47BF-BFF0-71695609CAC6} = {E4600810-747E-4B41-8D6C-3CD424F4CEC8}
		{BD60E9D8-44B7-48E9-92B7-A3674F6C601C} = {1F8D3489-CF2D-47BF-BFF0-71695609CAC6}
		{CCCAE12E-E70A-4DF7-809D-5E7E9813914C} = {1F8D3489-CF2D-47BF-BFF0-71695609CAC6}
		{DFB3E0B9-CC56-40A9-B7B2-7E7D6729BBE6} = {1F8D3489-CF2D-47BF-BFF0-71695609CAC6}
		{453F46A1-8D5A-4DA4-8154-C5BAEDA59936} = {1F8D3489-CF2D-47BF-BFF0-71695609CAC6}
		{D74D681E-0AD5-4D8D-8F1F-5CBE78AAFFED} = {E4600810-747E-4B41-8D6C-3CD424F4CEC8}
		{E28D70E3-EC93-4040-83BE-393BA4E2595A} = {D74D681E-0AD5-4D8D-8F1F-5CBE78AAFFED}
		{AC50CC4C-46FA-4C8C-87A0-7FEE7A08C907} = {D74D681E-0AD5-4D8D-8F1F-5CBE78AAFFED}
		{414D9D90-13AA-41CB-AAA9-1E86697C21AE} = {9D200B63-E620-4612-93B0-A85FB4EB9D5C}
		{57187669-5967-4126-BCD7-5AC44A650128} = {73586D91-B9CA-4555-8540-410A74C8E60A}
	EndGlobalSection
EndGlobal
