
Microsoft Visual Studio Solution File, Format Version 12.00
Project("{2150E333-8FDC-42A3-9474-1A3956D46DE8}") = "Features", "Features", "{249A6BEA-D69A-4F19-96F2-C55C0058F99B}"
EndProject
Project("{2150E333-8FDC-42A3-9474-1A3956D46DE8}") = "Compilation", "Compilation", "{73586D91-B9CA-4555-8540-410A74C8E60A}"
EndProject
Project("{FAE04EC0-301F-11D3-BF4B-00C04F79EFBC}") = "Domain", "Features\Compilation\Domain\Domain.csproj", "{154B766A-C10F-495D-AE2B-B3279AF6B928}"
EndProject
Project("{FAE04EC0-301F-11D3-BF4B-00C04F79EFBC}") = "Shared", "Shared\Shared.csproj", "{F4F3E7B5-7F39-4514-A780-E715517FEFD3}"
EndProject
Project("{FAE04EC0-301F-11D3-BF4B-00C04F79EFBC}") = "UseCase", "Features\Compilation\UseCase\UseCase.csproj", "{5BA11763-0041-40BA-9B38-2AB4602D9C00}"
EndProject
Project("{FAE04EC0-301F-11D3-BF4B-00C04F79EFBC}") = "Gateways", "Features\Compilation\Gateways\Gateways.csproj", "{3C204BAA-EFAF-4855-A72D-6E675D368055}"
EndProject
Project("{FAE04EC0-301F-11D3-BF4B-00C04F79EFBC}") = "Resources", "Features\Compilation\Resources\Resources.csproj", "{73C2909E-A145-45E4-A2DD-39F90D79F17B}"
EndProject
Project("{2150E333-8FDC-42A3-9474-1A3956D46DE8}") = "Infrastructures", "Infrastructures", "{9D200B63-E620-4612-93B0-A85FB4EB9D5C}"
EndProject
Project("{FAE04EC0-301F-11D3-BF4B-00C04F79EFBC}") = "ExternalSymbol.Yaml", "Features\Compilation\Infrastructures\ExternalSymbol.Yaml\ExternalSymbol.Yaml.csproj", "{4CAF2F69-0691-4612-ADB2-78A0C7BD1602}"
EndProject
Project("{FAE04EC0-301F-11D3-BF4B-00C04F79EFBC}") = "ExternalSymbolRepository.Yaml", "Features\Compilation\Infrastructures\ExternalSymbolRepository.Yaml\ExternalSymbolRepository.Yaml.csproj", "{2AC83790-9924-4B17-977D-C25DEC50CB25}"
EndProject
Global
	GlobalSection(SolutionConfigurationPlatforms) = preSolution
		Debug|Any CPU = Debug|Any CPU
		Release|Any CPU = Release|Any CPU
	EndGlobalSection
	GlobalSection(ProjectConfigurationPlatforms) = postSolution
		{154B766A-C10F-495D-AE2B-B3279AF6B928}.Debug|Any CPU.ActiveCfg = Debug|Any CPU
		{154B766A-C10F-495D-AE2B-B3279AF6B928}.Debug|Any CPU.Build.0 = Debug|Any CPU
		{154B766A-C10F-495D-AE2B-B3279AF6B928}.Release|Any CPU.ActiveCfg = Release|Any CPU
		{154B766A-C10F-495D-AE2B-B3279AF6B928}.Release|Any CPU.Build.0 = Release|Any CPU
		{F4F3E7B5-7F39-4514-A780-E715517FEFD3}.Debug|Any CPU.ActiveCfg = Debug|Any CPU
		{F4F3E7B5-7F39-4514-A780-E715517FEFD3}.Debug|Any CPU.Build.0 = Debug|Any CPU
		{F4F3E7B5-7F39-4514-A780-E715517FEFD3}.Release|Any CPU.ActiveCfg = Release|Any CPU
		{F4F3E7B5-7F39-4514-A780-E715517FEFD3}.Release|Any CPU.Build.0 = Release|Any CPU
		{5BA11763-0041-40BA-9B38-2AB4602D9C00}.Debug|Any CPU.ActiveCfg = Debug|Any CPU
		{5BA11763-0041-40BA-9B38-2AB4602D9C00}.Debug|Any CPU.Build.0 = Debug|Any CPU
		{5BA11763-0041-40BA-9B38-2AB4602D9C00}.Release|Any CPU.ActiveCfg = Release|Any CPU
		{5BA11763-0041-40BA-9B38-2AB4602D9C00}.Release|Any CPU.Build.0 = Release|Any CPU
		{3C204BAA-EFAF-4855-A72D-6E675D368055}.Debug|Any CPU.ActiveCfg = Debug|Any CPU
		{3C204BAA-EFAF-4855-A72D-6E675D368055}.Debug|Any CPU.Build.0 = Debug|Any CPU
		{3C204BAA-EFAF-4855-A72D-6E675D368055}.Release|Any CPU.ActiveCfg = Release|Any CPU
		{3C204BAA-EFAF-4855-A72D-6E675D368055}.Release|Any CPU.Build.0 = Release|Any CPU
		{73C2909E-A145-45E4-A2DD-39F90D79F17B}.Debug|Any CPU.ActiveCfg = Debug|Any CPU
		{73C2909E-A145-45E4-A2DD-39F90D79F17B}.Debug|Any CPU.Build.0 = Debug|Any CPU
		{73C2909E-A145-45E4-A2DD-39F90D79F17B}.Release|Any CPU.ActiveCfg = Release|Any CPU
		{73C2909E-A145-45E4-A2DD-39F90D79F17B}.Release|Any CPU.Build.0 = Release|Any CPU
		{4CAF2F69-0691-4612-ADB2-78A0C7BD1602}.Debug|Any CPU.ActiveCfg = Debug|Any CPU
		{4CAF2F69-0691-4612-ADB2-78A0C7BD1602}.Debug|Any CPU.Build.0 = Debug|Any CPU
		{4CAF2F69-0691-4612-ADB2-78A0C7BD1602}.Release|Any CPU.ActiveCfg = Release|Any CPU
		{4CAF2F69-0691-4612-ADB2-78A0C7BD1602}.Release|Any CPU.Build.0 = Release|Any CPU
		{2AC83790-9924-4B17-977D-C25DEC50CB25}.Debug|Any CPU.ActiveCfg = Debug|Any CPU
		{2AC83790-9924-4B17-977D-C25DEC50CB25}.Debug|Any CPU.Build.0 = Debug|Any CPU
		{2AC83790-9924-4B17-977D-C25DEC50CB25}.Release|Any CPU.ActiveCfg = Release|Any CPU
		{2AC83790-9924-4B17-977D-C25DEC50CB25}.Release|Any CPU.Build.0 = Release|Any CPU
	EndGlobalSection
	GlobalSection(NestedProjects) = preSolution
		{73586D91-B9CA-4555-8540-410A74C8E60A} = {249A6BEA-D69A-4F19-96F2-C55C0058F99B}
		{154B766A-C10F-495D-AE2B-B3279AF6B928} = {73586D91-B9CA-4555-8540-410A74C8E60A}
		{5BA11763-0041-40BA-9B38-2AB4602D9C00} = {73586D91-B9CA-4555-8540-410A74C8E60A}
		{3C204BAA-EFAF-4855-A72D-6E675D368055} = {73586D91-B9CA-4555-8540-410A74C8E60A}
		{73C2909E-A145-45E4-A2DD-39F90D79F17B} = {73586D91-B9CA-4555-8540-410A74C8E60A}
		{9D200B63-E620-4612-93B0-A85FB4EB9D5C} = {73586D91-B9CA-4555-8540-410A74C8E60A}
		{4CAF2F69-0691-4612-ADB2-78A0C7BD1602} = {9D200B63-E620-4612-93B0-A85FB4EB9D5C}
		{2AC83790-9924-4B17-977D-C25DEC50CB25} = {9D200B63-E620-4612-93B0-A85FB4EB9D5C}
	EndGlobalSection
EndGlobal
