
Microsoft Visual Studio Solution File, Format Version 12.00
Project("{FAE04EC0-301F-11D3-BF4B-00C04F79EFBC}") = "Commons", "Commons\Commons.csproj", "{6D23E551-44EA-43DA-8A69-F1D56EDFF413}"
EndProject
Project("{FAE04EC0-301F-11D3-BF4B-00C04F79EFBC}") = "Domain", "Domain\Domain.csproj", "{DC135E43-6ACC-4708-983B-03BB9FBFC64C}"
EndProject
Project("{FAE04EC0-301F-11D3-BF4B-00C04F79EFBC}") = "UseCases", "UseCases\UseCases.csproj", "{7908F721-B88B-4D26-BAE1-F2614AD267F6}"
EndProject
Project("{FAE04EC0-301F-11D3-BF4B-00C04F79EFBC}") = "Parser.Antlr", "Infrastructures\Parser.Antlr\Parser.Antlr.csproj", "{BC12E3DD-7AB6-4E76-9FF0-573D3E94D1AA}"
EndProject
Project("{FAE04EC0-301F-11D3-BF4B-00C04F79EFBC}") = "Parser.Antlr.Tests", "Infrastructures\Parser.Antlr.Tests\Parser.Antlr.Tests.csproj", "{02C3250C-F545-4090-8448-5B5CEC6B05FA}"
EndProject
Project("{2150E333-8FDC-42A3-9474-1A3956D46DE8}") = "Infrastructures", "Infrastructures", "{D8212F71-4678-4B7F-8EC9-F692C48B5093}"
EndProject
Project("{FAE04EC0-301F-11D3-BF4B-00C04F79EFBC}") = "Resources", "Resources\Resources.csproj", "{31A40E73-CA3F-4983-87FC-D5BA22D654E0}"
EndProject
Global
	GlobalSection(SolutionConfigurationPlatforms) = preSolution
		Debug|Any CPU = Debug|Any CPU
		Release|Any CPU = Release|Any CPU
	EndGlobalSection
	GlobalSection(ProjectConfigurationPlatforms) = postSolution
		{6D23E551-44EA-43DA-8A69-F1D56EDFF413}.Debug|Any CPU.ActiveCfg = Debug|Any CPU
		{6D23E551-44EA-43DA-8A69-F1D56EDFF413}.Debug|Any CPU.Build.0 = Debug|Any CPU
		{6D23E551-44EA-43DA-8A69-F1D56EDFF413}.Release|Any CPU.ActiveCfg = Release|Any CPU
		{6D23E551-44EA-43DA-8A69-F1D56EDFF413}.Release|Any CPU.Build.0 = Release|Any CPU
		{DC135E43-6ACC-4708-983B-03BB9FBFC64C}.Debug|Any CPU.ActiveCfg = Debug|Any CPU
		{DC135E43-6ACC-4708-983B-03BB9FBFC64C}.Debug|Any CPU.Build.0 = Debug|Any CPU
		{DC135E43-6ACC-4708-983B-03BB9FBFC64C}.Release|Any CPU.ActiveCfg = Release|Any CPU
		{DC135E43-6ACC-4708-983B-03BB9FBFC64C}.Release|Any CPU.Build.0 = Release|Any CPU
		{7908F721-B88B-4D26-BAE1-F2614AD267F6}.Debug|Any CPU.ActiveCfg = Debug|Any CPU
		{7908F721-B88B-4D26-BAE1-F2614AD267F6}.Debug|Any CPU.Build.0 = Debug|Any CPU
		{7908F721-B88B-4D26-BAE1-F2614AD267F6}.Release|Any CPU.ActiveCfg = Release|Any CPU
		{7908F721-B88B-4D26-BAE1-F2614AD267F6}.Release|Any CPU.Build.0 = Release|Any CPU
		{BC12E3DD-7AB6-4E76-9FF0-573D3E94D1AA}.Debug|Any CPU.ActiveCfg = Debug|Any CPU
		{BC12E3DD-7AB6-4E76-9FF0-573D3E94D1AA}.Debug|Any CPU.Build.0 = Debug|Any CPU
		{BC12E3DD-7AB6-4E76-9FF0-573D3E94D1AA}.Release|Any CPU.ActiveCfg = Release|Any CPU
		{BC12E3DD-7AB6-4E76-9FF0-573D3E94D1AA}.Release|Any CPU.Build.0 = Release|Any CPU
		{02C3250C-F545-4090-8448-5B5CEC6B05FA}.Debug|Any CPU.ActiveCfg = Debug|Any CPU
		{02C3250C-F545-4090-8448-5B5CEC6B05FA}.Debug|Any CPU.Build.0 = Debug|Any CPU
		{02C3250C-F545-4090-8448-5B5CEC6B05FA}.Release|Any CPU.ActiveCfg = Release|Any CPU
		{02C3250C-F545-4090-8448-5B5CEC6B05FA}.Release|Any CPU.Build.0 = Release|Any CPU
		{31A40E73-CA3F-4983-87FC-D5BA22D654E0}.Debug|Any CPU.ActiveCfg = Debug|Any CPU
		{31A40E73-CA3F-4983-87FC-D5BA22D654E0}.Debug|Any CPU.Build.0 = Debug|Any CPU
		{31A40E73-CA3F-4983-87FC-D5BA22D654E0}.Release|Any CPU.ActiveCfg = Release|Any CPU
		{31A40E73-CA3F-4983-87FC-D5BA22D654E0}.Release|Any CPU.Build.0 = Release|Any CPU
	EndGlobalSection
	GlobalSection(NestedProjects) = preSolution
		{BC12E3DD-7AB6-4E76-9FF0-573D3E94D1AA} = {D8212F71-4678-4B7F-8EC9-F692C48B5093}
		{02C3250C-F545-4090-8448-5B5CEC6B05FA} = {D8212F71-4678-4B7F-8EC9-F692C48B5093}
	EndGlobalSection
EndGlobal
